// !$*UTF8*$!
{
	archiveVersion = 1;
	classes = {
	};
	objectVersion = 56;
	objects = {

/* Begin PBXBuildFile section */
		A555E07F2AA652BB00DD01AC /* ViewModel.swift in Sources */ = {isa = PBXBuildFile; fileRef = A555E07E2AA652BA00DD01AC /* ViewModel.swift */; };
		A57EF0ED2AA640F7000F3FF9 /* RxSwift.framework in Frameworks */ = {isa = PBXBuildFile; fileRef = A57EF0D92AA6407D000F3FF9 /* RxSwift.framework */; };
		A57EF0EE2AA640FD000F3FF9 /* RxCocoa.framework in Frameworks */ = {isa = PBXBuildFile; fileRef = A57EF0DB2AA6407D000F3FF9 /* RxCocoa.framework */; };
		A57EF0EF2AA64109000F3FF9 /* RxRelay.framework in Frameworks */ = {isa = PBXBuildFile; fileRef = A57EF0DD2AA6407D000F3FF9 /* RxRelay.framework */; };
		A5D7F5902AA4FDEE00DAD8C1 /* AppDelegate.swift in Sources */ = {isa = PBXBuildFile; fileRef = A5D7F58F2AA4FDEE00DAD8C1 /* AppDelegate.swift */; };
		A5D7F5922AA4FDEE00DAD8C1 /* SceneDelegate.swift in Sources */ = {isa = PBXBuildFile; fileRef = A5D7F5912AA4FDEE00DAD8C1 /* SceneDelegate.swift */; };
		A5D7F5942AA4FDEE00DAD8C1 /* ViewController.swift in Sources */ = {isa = PBXBuildFile; fileRef = A5D7F5932AA4FDEE00DAD8C1 /* ViewController.swift */; };
		A5D7F5972AA4FDEE00DAD8C1 /* Main.storyboard in Resources */ = {isa = PBXBuildFile; fileRef = A5D7F5952AA4FDEE00DAD8C1 /* Main.storyboard */; };
		A5D7F59A2AA4FDEE00DAD8C1 /* ExampleRxSwift.xcdatamodeld in Sources */ = {isa = PBXBuildFile; fileRef = A5D7F5982AA4FDEE00DAD8C1 /* ExampleRxSwift.xcdatamodeld */; };
		A5D7F59C2AA4FDF400DAD8C1 /* Assets.xcassets in Resources */ = {isa = PBXBuildFile; fileRef = A5D7F59B2AA4FDF400DAD8C1 /* Assets.xcassets */; };
		A5D7F59F2AA4FDF400DAD8C1 /* LaunchScreen.storyboard in Resources */ = {isa = PBXBuildFile; fileRef = A5D7F59D2AA4FDF400DAD8C1 /* LaunchScreen.storyboard */; };
/* End PBXBuildFile section */

/* Begin PBXContainerItemProxy section */
		A57EF0D82AA6407D000F3FF9 /* PBXContainerItemProxy */ = {
			isa = PBXContainerItemProxy;
			containerPortal = A57EF0CB2AA6407C000F3FF9 /* Rx.xcodeproj */;
			proxyType = 2;
			remoteGlobalIDString = C8A56AD71AD7424700B4673B;
			remoteInfo = RxSwift;
		};
		A57EF0DA2AA6407D000F3FF9 /* PBXContainerItemProxy */ = {
			isa = PBXContainerItemProxy;
			containerPortal = A57EF0CB2AA6407C000F3FF9 /* Rx.xcodeproj */;
			proxyType = 2;
			remoteGlobalIDString = C809396D1B8A71760088E94D;
			remoteInfo = RxCocoa;
		};
		A57EF0DC2AA6407D000F3FF9 /* PBXContainerItemProxy */ = {
			isa = PBXContainerItemProxy;
			containerPortal = A57EF0CB2AA6407C000F3FF9 /* Rx.xcodeproj */;
			proxyType = 2;
			remoteGlobalIDString = A2897D53225CA1E7004EA481;
			remoteInfo = RxRelay;
		};
		A57EF0DE2AA6407D000F3FF9 /* PBXContainerItemProxy */ = {
			isa = PBXContainerItemProxy;
			containerPortal = A57EF0CB2AA6407C000F3FF9 /* Rx.xcodeproj */;
			proxyType = 2;
			remoteGlobalIDString = C8093BC71B8A71F00088E94D;
			remoteInfo = RxBlocking;
		};
		A57EF0E02AA6407D000F3FF9 /* PBXContainerItemProxy */ = {
			isa = PBXContainerItemProxy;
			containerPortal = A57EF0CB2AA6407C000F3FF9 /* Rx.xcodeproj */;
			proxyType = 2;
			remoteGlobalIDString = C88FA50C1C25C44800CCFEA4;
			remoteInfo = RxTest;
		};
		A57EF0E22AA6407D000F3FF9 /* PBXContainerItemProxy */ = {
			isa = PBXContainerItemProxy;
			containerPortal = A57EF0CB2AA6407C000F3FF9 /* Rx.xcodeproj */;
			proxyType = 2;
			remoteGlobalIDString = C83508C31C386F6F0027C24C;
			remoteInfo = "AllTests-iOS";
		};
		A57EF0E42AA6407D000F3FF9 /* PBXContainerItemProxy */ = {
			isa = PBXContainerItemProxy;
			containerPortal = A57EF0CB2AA6407C000F3FF9 /* Rx.xcodeproj */;
			proxyType = 2;
			remoteGlobalIDString = C83509841C38740E0027C24C;
			remoteInfo = "AllTests-tvOS";
		};
		A57EF0E62AA6407D000F3FF9 /* PBXContainerItemProxy */ = {
			isa = PBXContainerItemProxy;
			containerPortal = A57EF0CB2AA6407C000F3FF9 /* Rx.xcodeproj */;
			proxyType = 2;
			remoteGlobalIDString = C83509941C38742C0027C24C;
			remoteInfo = "AllTests-macOS";
		};
		A57EF0E82AA6407D000F3FF9 /* PBXContainerItemProxy */ = {
			isa = PBXContainerItemProxy;
			containerPortal = A57EF0CB2AA6407C000F3FF9 /* Rx.xcodeproj */;
			proxyType = 2;
			remoteGlobalIDString = C85BA04B1C3878740075D68E;
			remoteInfo = Microoptimizations;
		};
		A57EF0EA2AA6407D000F3FF9 /* PBXContainerItemProxy */ = {
			isa = PBXContainerItemProxy;
			containerPortal = A57EF0CB2AA6407C000F3FF9 /* Rx.xcodeproj */;
			proxyType = 2;
			remoteGlobalIDString = C8E8BA551E2C181A00A4AC2C;
			remoteInfo = Benchmarks;
		};
/* End PBXContainerItemProxy section */

/* Begin PBXFileReference section */
		A555E07E2AA652BA00DD01AC /* ViewModel.swift */ = {isa = PBXFileReference; lastKnownFileType = sourcecode.swift; path = ViewModel.swift; sourceTree = "<group>"; };
		A57EF0CB2AA6407C000F3FF9 /* Rx.xcodeproj */ = {isa = PBXFileReference; lastKnownFileType = "wrapper.pb-project"; name = Rx.xcodeproj; path = Carthage/Checkouts/RxSwift/Rx.xcodeproj; sourceTree = "<group>"; };
		A5D7F58C2AA4FDEE00DAD8C1 /* ExampleRxSwift.app */ = {isa = PBXFileReference; explicitFileType = wrapper.application; includeInIndex = 0; path = ExampleRxSwift.app; sourceTree = BUILT_PRODUCTS_DIR; };
		A5D7F58F2AA4FDEE00DAD8C1 /* AppDelegate.swift */ = {isa = PBXFileReference; lastKnownFileType = sourcecode.swift; path = AppDelegate.swift; sourceTree = "<group>"; };
		A5D7F5912AA4FDEE00DAD8C1 /* SceneDelegate.swift */ = {isa = PBXFileReference; lastKnownFileType = sourcecode.swift; path = SceneDelegate.swift; sourceTree = "<group>"; };
		A5D7F5932AA4FDEE00DAD8C1 /* ViewController.swift */ = {isa = PBXFileReference; lastKnownFileType = sourcecode.swift; path = ViewController.swift; sourceTree = "<group>"; };
		A5D7F5962AA4FDEE00DAD8C1 /* Base */ = {isa = PBXFileReference; lastKnownFileType = file.storyboard; name = Base; path = Base.lproj/Main.storyboard; sourceTree = "<group>"; };
		A5D7F5992AA4FDEE00DAD8C1 /* ExampleRxSwift.xcdatamodel */ = {isa = PBXFileReference; lastKnownFileType = wrapper.xcdatamodel; path = ExampleRxSwift.xcdatamodel; sourceTree = "<group>"; };
		A5D7F59B2AA4FDF400DAD8C1 /* Assets.xcassets */ = {isa = PBXFileReference; lastKnownFileType = folder.assetcatalog; path = Assets.xcassets; sourceTree = "<group>"; };
		A5D7F59E2AA4FDF400DAD8C1 /* Base */ = {isa = PBXFileReference; lastKnownFileType = file.storyboard; name = Base; path = Base.lproj/LaunchScreen.storyboard; sourceTree = "<group>"; };
		A5D7F5A02AA4FDF400DAD8C1 /* Info.plist */ = {isa = PBXFileReference; lastKnownFileType = text.plist.xml; path = Info.plist; sourceTree = "<group>"; };
/* End PBXFileReference section */

/* Begin PBXFrameworksBuildPhase section */
		A5D7F5892AA4FDEE00DAD8C1 /* Frameworks */ = {
			isa = PBXFrameworksBuildPhase;
			buildActionMask = 2147483647;
			files = (
				A57EF0EF2AA64109000F3FF9 /* RxRelay.framework in Frameworks */,
				A57EF0EE2AA640FD000F3FF9 /* RxCocoa.framework in Frameworks */,
				A57EF0ED2AA640F7000F3FF9 /* RxSwift.framework in Frameworks */,
			);
			runOnlyForDeploymentPostprocessing = 0;
		};
/* End PBXFrameworksBuildPhase section */

/* Begin PBXGroup section */
		A57EF0CC2AA6407C000F3FF9 /* Products */ = {
			isa = PBXGroup;
			children = (
				A57EF0D92AA6407D000F3FF9 /* RxSwift.framework */,
				A57EF0DB2AA6407D000F3FF9 /* RxCocoa.framework */,
				A57EF0DD2AA6407D000F3FF9 /* RxRelay.framework */,
				A57EF0DF2AA6407D000F3FF9 /* RxBlocking.framework */,
				A57EF0E12AA6407D000F3FF9 /* RxTest.framework */,
				A57EF0E32AA6407D000F3FF9 /* AllTests-iOS.xctest */,
				A57EF0E52AA6407D000F3FF9 /* AllTests-tvOS.xctest */,
				A57EF0E72AA6407D000F3FF9 /* AllTests-macOS.xctest */,
				A57EF0E92AA6407D000F3FF9 /* Microoptimizations.app */,
				A57EF0EB2AA6407D000F3FF9 /* Benchmarks.xctest */,
			);
			name = Products;
			sourceTree = "<group>";
		};
		A57EF0EC2AA640F7000F3FF9 /* Frameworks */ = {
			isa = PBXGroup;
			children = (
			);
			name = Frameworks;
			sourceTree = "<group>";
		};
		A5D7F5832AA4FDEE00DAD8C1 = {
			isa = PBXGroup;
			children = (
				A57EF0CB2AA6407C000F3FF9 /* Rx.xcodeproj */,
				A5D7F58E2AA4FDEE00DAD8C1 /* ExampleRxSwift */,
				A5D7F58D2AA4FDEE00DAD8C1 /* Products */,
				A57EF0EC2AA640F7000F3FF9 /* Frameworks */,
			);
			sourceTree = "<group>";
		};
		A5D7F58D2AA4FDEE00DAD8C1 /* Products */ = {
			isa = PBXGroup;
			children = (
				A5D7F58C2AA4FDEE00DAD8C1 /* ExampleRxSwift.app */,
			);
			name = Products;
			sourceTree = "<group>";
		};
		A5D7F58E2AA4FDEE00DAD8C1 /* ExampleRxSwift */ = {
			isa = PBXGroup;
			children = (
				A5D7F58F2AA4FDEE00DAD8C1 /* AppDelegate.swift */,
				A5D7F5912AA4FDEE00DAD8C1 /* SceneDelegate.swift */,
				A555E07E2AA652BA00DD01AC /* ViewModel.swift */,
				A5D7F5932AA4FDEE00DAD8C1 /* ViewController.swift */,
				A5D7F5952AA4FDEE00DAD8C1 /* Main.storyboard */,
				A5D7F59B2AA4FDF400DAD8C1 /* Assets.xcassets */,
				A5D7F59D2AA4FDF400DAD8C1 /* LaunchScreen.storyboard */,
				A5D7F5A02AA4FDF400DAD8C1 /* Info.plist */,
				A5D7F5982AA4FDEE00DAD8C1 /* ExampleRxSwift.xcdatamodeld */,
			);
			path = ExampleRxSwift;
			sourceTree = "<group>";
		};
/* End PBXGroup section */

/* Begin PBXNativeTarget section */
		A5D7F58B2AA4FDEE00DAD8C1 /* ExampleRxSwift */ = {
			isa = PBXNativeTarget;
			buildConfigurationList = A5D7F5A32AA4FDF400DAD8C1 /* Build configuration list for PBXNativeTarget "ExampleRxSwift" */;
			buildPhases = (
				A5D7F5882AA4FDEE00DAD8C1 /* Sources */,
				A5D7F5892AA4FDEE00DAD8C1 /* Frameworks */,
				A5D7F58A2AA4FDEE00DAD8C1 /* Resources */,
			);
			buildRules = (
			);
			dependencies = (
			);
			name = ExampleRxSwift;
			productName = ExampleRxSwift;
			productReference = A5D7F58C2AA4FDEE00DAD8C1 /* ExampleRxSwift.app */;
			productType = "com.apple.product-type.application";
		};
/* End PBXNativeTarget section */

/* Begin PBXProject section */
		A5D7F5842AA4FDEE00DAD8C1 /* Project object */ = {
			isa = PBXProject;
			attributes = {
				BuildIndependentTargetsInParallel = 1;
				LastSwiftUpdateCheck = 1430;
				LastUpgradeCheck = 1430;
				TargetAttributes = {
					A5D7F58B2AA4FDEE00DAD8C1 = {
						CreatedOnToolsVersion = 14.3;
					};
				};
			};
			buildConfigurationList = A5D7F5872AA4FDEE00DAD8C1 /* Build configuration list for PBXProject "ExampleRxSwift" */;
			compatibilityVersion = "Xcode 14.0";
			developmentRegion = en;
			hasScannedForEncodings = 0;
			knownRegions = (
				en,
				Base,
			);
			mainGroup = A5D7F5832AA4FDEE00DAD8C1;
			productRefGroup = A5D7F58D2AA4FDEE00DAD8C1 /* Products */;
			projectDirPath = "";
			projectReferences = (
				{
					ProductGroup = A57EF0CC2AA6407C000F3FF9 /* Products */;
					ProjectRef = A57EF0CB2AA6407C000F3FF9 /* Rx.xcodeproj */;
				},
			);
			projectRoot = "";
			targets = (
				A5D7F58B2AA4FDEE00DAD8C1 /* ExampleRxSwift */,
			);
		};
/* End PBXProject section */

/* Begin PBXReferenceProxy section */
		A57EF0D92AA6407D000F3FF9 /* RxSwift.framework */ = {
			isa = PBXReferenceProxy;
			fileType = wrapper.framework;
			path = RxSwift.framework;
			remoteRef = A57EF0D82AA6407D000F3FF9 /* PBXContainerItemProxy */;
			sourceTree = BUILT_PRODUCTS_DIR;
		};
		A57EF0DB2AA6407D000F3FF9 /* RxCocoa.framework */ = {
			isa = PBXReferenceProxy;
			fileType = wrapper.framework;
			path = RxCocoa.framework;
			remoteRef = A57EF0DA2AA6407D000F3FF9 /* PBXContainerItemProxy */;
			sourceTree = BUILT_PRODUCTS_DIR;
		};
		A57EF0DD2AA6407D000F3FF9 /* RxRelay.framework */ = {
			isa = PBXReferenceProxy;
			fileType = wrapper.framework;
			path = RxRelay.framework;
			remoteRef = A57EF0DC2AA6407D000F3FF9 /* PBXContainerItemProxy */;
			sourceTree = BUILT_PRODUCTS_DIR;
		};
		A57EF0DF2AA6407D000F3FF9 /* RxBlocking.framework */ = {
			isa = PBXReferenceProxy;
			fileType = wrapper.framework;
			path = RxBlocking.framework;
			remoteRef = A57EF0DE2AA6407D000F3FF9 /* PBXContainerItemProxy */;
			sourceTree = BUILT_PRODUCTS_DIR;
		};
		A57EF0E12AA6407D000F3FF9 /* RxTest.framework */ = {
			isa = PBXReferenceProxy;
			fileType = wrapper.framework;
			path = RxTest.framework;
			remoteRef = A57EF0E02AA6407D000F3FF9 /* PBXContainerItemProxy */;
			sourceTree = BUILT_PRODUCTS_DIR;
		};
		A57EF0E32AA6407D000F3FF9 /* AllTests-iOS.xctest */ = {
			isa = PBXReferenceProxy;
			fileType = wrapper.cfbundle;
			path = "AllTests-iOS.xctest";
			remoteRef = A57EF0E22AA6407D000F3FF9 /* PBXContainerItemProxy */;
			sourceTree = BUILT_PRODUCTS_DIR;
		};
		A57EF0E52AA6407D000F3FF9 /* AllTests-tvOS.xctest */ = {
			isa = PBXReferenceProxy;
			fileType = wrapper.cfbundle;
			path = "AllTests-tvOS.xctest";
			remoteRef = A57EF0E42AA6407D000F3FF9 /* PBXContainerItemProxy */;
			sourceTree = BUILT_PRODUCTS_DIR;
		};
		A57EF0E72AA6407D000F3FF9 /* AllTests-macOS.xctest */ = {
			isa = PBXReferenceProxy;
			fileType = wrapper.cfbundle;
			path = "AllTests-macOS.xctest";
			remoteRef = A57EF0E62AA6407D000F3FF9 /* PBXContainerItemProxy */;
			sourceTree = BUILT_PRODUCTS_DIR;
		};
		A57EF0E92AA6407D000F3FF9 /* Microoptimizations.app */ = {
			isa = PBXReferenceProxy;
			fileType = wrapper.application;
			path = Microoptimizations.app;
			remoteRef = A57EF0E82AA6407D000F3FF9 /* PBXContainerItemProxy */;
			sourceTree = BUILT_PRODUCTS_DIR;
		};
		A57EF0EB2AA6407D000F3FF9 /* Benchmarks.xctest */ = {
			isa = PBXReferenceProxy;
			fileType = wrapper.cfbundle;
			path = Benchmarks.xctest;
			remoteRef = A57EF0EA2AA6407D000F3FF9 /* PBXContainerItemProxy */;
			sourceTree = BUILT_PRODUCTS_DIR;
		};
/* End PBXReferenceProxy section */

/* Begin PBXResourcesBuildPhase section */
		A5D7F58A2AA4FDEE00DAD8C1 /* Resources */ = {
			isa = PBXResourcesBuildPhase;
			buildActionMask = 2147483647;
			files = (
				A5D7F59F2AA4FDF400DAD8C1 /* LaunchScreen.storyboard in Resources */,
				A5D7F59C2AA4FDF400DAD8C1 /* Assets.xcassets in Resources */,
				A5D7F5972AA4FDEE00DAD8C1 /* Main.storyboard in Resources */,
			);
			runOnlyForDeploymentPostprocessing = 0;
		};
/* End PBXResourcesBuildPhase section */

/* Begin PBXSourcesBuildPhase section */
		A5D7F5882AA4FDEE00DAD8C1 /* Sources */ = {
			isa = PBXSourcesBuildPhase;
			buildActionMask = 2147483647;
			files = (
				A555E07F2AA652BB00DD01AC /* ViewModel.swift in Sources */,
				A5D7F5942AA4FDEE00DAD8C1 /* ViewController.swift in Sources */,
				A5D7F5902AA4FDEE00DAD8C1 /* AppDelegate.swift in Sources */,
				A5D7F59A2AA4FDEE00DAD8C1 /* ExampleRxSwift.xcdatamodeld in Sources */,
				A5D7F5922AA4FDEE00DAD8C1 /* SceneDelegate.swift in Sources */,
			);
			runOnlyForDeploymentPostprocessing = 0;
		};
/* End PBXSourcesBuildPhase section */

/* Begin PBXVariantGroup section */
		A5D7F5952AA4FDEE00DAD8C1 /* Main.storyboard */ = {
			isa = PBXVariantGroup;
			children = (
				A5D7F5962AA4FDEE00DAD8C1 /* Base */,
			);
			name = Main.storyboard;
			sourceTree = "<group>";
		};
		A5D7F59D2AA4FDF400DAD8C1 /* LaunchScreen.storyboard */ = {
			isa = PBXVariantGroup;
			children = (
				A5D7F59E2AA4FDF400DAD8C1 /* Base */,
			);
			name = LaunchScreen.storyboard;
			sourceTree = "<group>";
		};
/* End PBXVariantGroup section */

/* Begin XCBuildConfiguration section */
		A5D7F5A12AA4FDF400DAD8C1 /* Debug */ = {
			isa = XCBuildConfiguration;
			buildSettings = {
				ALWAYS_SEARCH_USER_PATHS = NO;
				CLANG_ANALYZER_NONNULL = YES;
				CLANG_ANALYZER_NUMBER_OBJECT_CONVERSION = YES_AGGRESSIVE;
				CLANG_CXX_LANGUAGE_STANDARD = "gnu++20";
				CLANG_ENABLE_MODULES = YES;
				CLANG_ENABLE_OBJC_ARC = YES;
				CLANG_ENABLE_OBJC_WEAK = YES;
				CLANG_WARN_BLOCK_CAPTURE_AUTORELEASING = YES;
				CLANG_WARN_BOOL_CONVERSION = YES;
				CLANG_WARN_COMMA = YES;
				CLANG_WARN_CONSTANT_CONVERSION = YES;
				CLANG_WARN_DEPRECATED_OBJC_IMPLEMENTATIONS = YES;
				CLANG_WARN_DIRECT_OBJC_ISA_USAGE = YES_ERROR;
				CLANG_WARN_DOCUMENTATION_COMMENTS = YES;
				CLANG_WARN_EMPTY_BODY = YES;
				CLANG_WARN_ENUM_CONVERSION = YES;
				CLANG_WARN_INFINITE_RECURSION = YES;
				CLANG_WARN_INT_CONVERSION = YES;
				CLANG_WARN_NON_LITERAL_NULL_CONVERSION = YES;
				CLANG_WARN_OBJC_IMPLICIT_RETAIN_SELF = YES;
				CLANG_WARN_OBJC_LITERAL_CONVERSION = YES;
				CLANG_WARN_OBJC_ROOT_CLASS = YES_ERROR;
				CLANG_WARN_QUOTED_INCLUDE_IN_FRAMEWORK_HEADER = YES;
				CLANG_WARN_RANGE_LOOP_ANALYSIS = YES;
				CLANG_WARN_STRICT_PROTOTYPES = YES;
				CLANG_WARN_SUSPICIOUS_MOVE = YES;
				CLANG_WARN_UNGUARDED_AVAILABILITY = YES_AGGRESSIVE;
				CLANG_WARN_UNREACHABLE_CODE = YES;
				CLANG_WARN__DUPLICATE_METHOD_MATCH = YES;
				COPY_PHASE_STRIP = NO;
				DEBUG_INFORMATION_FORMAT = dwarf;
				ENABLE_STRICT_OBJC_MSGSEND = YES;
				ENABLE_TESTABILITY = YES;
				GCC_C_LANGUAGE_STANDARD = gnu11;
				GCC_DYNAMIC_NO_PIC = NO;
				GCC_NO_COMMON_BLOCKS = YES;
				GCC_OPTIMIZATION_LEVEL = 0;
				GCC_PREPROCESSOR_DEFINITIONS = (
					"DEBUG=1",
					"$(inherited)",
				);
				GCC_WARN_64_TO_32_BIT_CONVERSION = YES;
				GCC_WARN_ABOUT_RETURN_TYPE = YES_ERROR;
				GCC_WARN_UNDECLARED_SELECTOR = YES;
				GCC_WARN_UNINITIALIZED_AUTOS = YES_AGGRESSIVE;
				GCC_WARN_UNUSED_FUNCTION = YES;
				GCC_WARN_UNUSED_VARIABLE = YES;
				IPHONEOS_DEPLOYMENT_TARGET = 16.4;
				MTL_ENABLE_DEBUG_INFO = INCLUDE_SOURCE;
				MTL_FAST_MATH = YES;
				ONLY_ACTIVE_ARCH = YES;
				SDKROOT = iphoneos;
				SWIFT_ACTIVE_COMPILATION_CONDITIONS = DEBUG;
				SWIFT_OPTIMIZATION_LEVEL = "-Onone";
			};
			name = Debug;
		};
		A5D7F5A22AA4FDF400DAD8C1 /* Release */ = {
			isa = XCBuildConfiguration;
			buildSettings = {
				ALWAYS_SEARCH_USER_PATHS = NO;
				CLANG_ANALYZER_NONNULL = YES;
				CLANG_ANALYZER_NUMBER_OBJECT_CONVERSION = YES_AGGRESSIVE;
				CLANG_CXX_LANGUAGE_STANDARD = "gnu++20";
				CLANG_ENABLE_MODULES = YES;
				CLANG_ENABLE_OBJC_ARC = YES;
				CLANG_ENABLE_OBJC_WEAK = YES;
				CLANG_WARN_BLOCK_CAPTURE_AUTORELEASING = YES;
				CLANG_WARN_BOOL_CONVERSION = YES;
				CLANG_WARN_COMMA = YES;
				CLANG_WARN_CONSTANT_CONVERSION = YES;
				CLANG_WARN_DEPRECATED_OBJC_IMPLEMENTATIONS = YES;
				CLANG_WARN_DIRECT_OBJC_ISA_USAGE = YES_ERROR;
				CLANG_WARN_DOCUMENTATION_COMMENTS = YES;
				CLANG_WARN_EMPTY_BODY = YES;
				CLANG_WARN_ENUM_CONVERSION = YES;
				CLANG_WARN_INFINITE_RECURSION = YES;
				CLANG_WARN_INT_CONVERSION = YES;
				CLANG_WARN_NON_LITERAL_NULL_CONVERSION = YES;
				CLANG_WARN_OBJC_IMPLICIT_RETAIN_SELF = YES;
				CLANG_WARN_OBJC_LITERAL_CONVERSION = YES;
				CLANG_WARN_OBJC_ROOT_CLASS = YES_ERROR;
				CLANG_WARN_QUOTED_INCLUDE_IN_FRAMEWORK_HEADER = YES;
				CLANG_WARN_RANGE_LOOP_ANALYSIS = YES;
				CLANG_WARN_STRICT_PROTOTYPES = YES;
				CLANG_WARN_SUSPICIOUS_MOVE = YES;
				CLANG_WARN_UNGUARDED_AVAILABILITY = YES_AGGRESSIVE;
				CLANG_WARN_UNREACHABLE_CODE = YES;
				CLANG_WARN__DUPLICATE_METHOD_MATCH = YES;
				COPY_PHASE_STRIP = NO;
				DEBUG_INFORMATION_FORMAT = "dwarf-with-dsym";
				ENABLE_NS_ASSERTIONS = NO;
				ENABLE_STRICT_OBJC_MSGSEND = YES;
				GCC_C_LANGUAGE_STANDARD = gnu11;
				GCC_NO_COMMON_BLOCKS = YES;
				GCC_WARN_64_TO_32_BIT_CONVERSION = YES;
				GCC_WARN_ABOUT_RETURN_TYPE = YES_ERROR;
				GCC_WARN_UNDECLARED_SELECTOR = YES;
				GCC_WARN_UNINITIALIZED_AUTOS = YES_AGGRESSIVE;
				GCC_WARN_UNUSED_FUNCTION = YES;
				GCC_WARN_UNUSED_VARIABLE = YES;
				IPHONEOS_DEPLOYMENT_TARGET = 16.4;
				MTL_ENABLE_DEBUG_INFO = NO;
				MTL_FAST_MATH = YES;
				SDKROOT = iphoneos;
				SWIFT_COMPILATION_MODE = wholemodule;
				SWIFT_OPTIMIZATION_LEVEL = "-O";
				VALIDATE_PRODUCT = YES;
			};
			name = Release;
		};
		A5D7F5A42AA4FDF400DAD8C1 /* Debug */ = {
			isa = XCBuildConfiguration;
			buildSettings = {
				ASSETCATALOG_COMPILER_APPICON_NAME = AppIcon;
				ASSETCATALOG_COMPILER_GLOBAL_ACCENT_COLOR_NAME = AccentColor;
				CODE_SIGN_STYLE = Automatic;
				CURRENT_PROJECT_VERSION = 1;
				DEVELOPMENT_TEAM = V4APKTMRAM;
				GENERATE_INFOPLIST_FILE = YES;
				INFOPLIST_FILE = ExampleRxSwift/Info.plist;
				INFOPLIST_KEY_UIApplicationSupportsIndirectInputEvents = YES;
				INFOPLIST_KEY_UILaunchStoryboardName = LaunchScreen;
				INFOPLIST_KEY_UIMainStoryboardFile = Main;
				INFOPLIST_KEY_UISupportedInterfaceOrientations_iPad = "UIInterfaceOrientationPortrait UIInterfaceOrientationPortraitUpsideDown UIInterfaceOrientationLandscapeLeft UIInterfaceOrientationLandscapeRight";
				INFOPLIST_KEY_UISupportedInterfaceOrientations_iPhone = "UIInterfaceOrientationPortrait UIInterfaceOrientationLandscapeLeft UIInterfaceOrientationLandscapeRight";
				IPHONEOS_DEPLOYMENT_TARGET = 15.3;
				LD_RUNPATH_SEARCH_PATHS = (
					"$(inherited)",
					"@executable_path/Frameworks",
				);
				MARKETING_VERSION = 1.0;
				PRODUCT_BUNDLE_IDENTIFIER = slm.ExampleRxSwift;
				PRODUCT_NAME = "$(TARGET_NAME)";
				SWIFT_EMIT_LOC_STRINGS = YES;
				SWIFT_VERSION = 5.0;
				TARGETED_DEVICE_FAMILY = "1,2";
			};
			name = Debug;
		};
		A5D7F5A52AA4FDF400DAD8C1 /* Release */ = {
			isa = XCBuildConfiguration;
			buildSettings = {
				ASSETCATALOG_COMPILER_APPICON_NAME = AppIcon;
				ASSETCATALOG_COMPILER_GLOBAL_ACCENT_COLOR_NAME = AccentColor;
				CODE_SIGN_STYLE = Automatic;
				CURRENT_PROJECT_VERSION = 1;
				DEVELOPMENT_TEAM = V4APKTMRAM;
				GENERATE_INFOPLIST_FILE = YES;
				INFOPLIST_FILE = ExampleRxSwift/Info.plist;
				INFOPLIST_KEY_UIApplicationSupportsIndirectInputEvents = YES;
				INFOPLIST_KEY_UILaunchStoryboardName = LaunchScreen;
				INFOPLIST_KEY_UIMainStoryboardFile = Main;
				INFOPLIST_KEY_UISupportedInterfaceOrientations_iPad = "UIInterfaceOrientationPortrait UIInterfaceOrientationPortraitUpsideDown UIInterfaceOrientationLandscapeLeft UIInterfaceOrientationLandscapeRight";
				INFOPLIST_KEY_UISupportedInterfaceOrientations_iPhone = "UIInterfaceOrientationPortrait UIInterfaceOrientationLandscapeLeft UIInterfaceOrientationLandscapeRight";
				IPHONEOS_DEPLOYMENT_TARGET = 15.3;
				LD_RUNPATH_SEARCH_PATHS = (
					"$(inherited)",
					"@executable_path/Frameworks",
				);
				MARKETING_VERSION = 1.0;
				PRODUCT_BUNDLE_IDENTIFIER = slm.ExampleRxSwift;
				PRODUCT_NAME = "$(TARGET_NAME)";
				SWIFT_EMIT_LOC_STRINGS = YES;
				SWIFT_VERSION = 5.0;
				TARGETED_DEVICE_FAMILY = "1,2";
			};
			name = Release;
		};
/* End XCBuildConfiguration section */

/* Begin XCConfigurationList section */
		A5D7F5872AA4FDEE00DAD8C1 /* Build configuration list for PBXProject "ExampleRxSwift" */ = {
			isa = XCConfigurationList;
			buildConfigurations = (
				A5D7F5A12AA4FDF400DAD8C1 /* Debug */,
				A5D7F5A22AA4FDF400DAD8C1 /* Release */,
			);
			defaultConfigurationIsVisible = 0;
			defaultConfigurationName = Release;
		};
		A5D7F5A32AA4FDF400DAD8C1 /* Build configuration list for PBXNativeTarget "ExampleRxSwift" */ = {
			isa = XCConfigurationList;
			buildConfigurations = (
				A5D7F5A42AA4FDF400DAD8C1 /* Debug */,
				A5D7F5A52AA4FDF400DAD8C1 /* Release */,
			);
			defaultConfigurationIsVisible = 0;
			defaultConfigurationName = Release;
		};
/* End XCConfigurationList section */

/* Begin XCVersionGroup section */
		A5D7F5982AA4FDEE00DAD8C1 /* ExampleRxSwift.xcdatamodeld */ = {
			isa = XCVersionGroup;
			children = (
				A5D7F5992AA4FDEE00DAD8C1 /* ExampleRxSwift.xcdatamodel */,
			);
			currentVersion = A5D7F5992AA4FDEE00DAD8C1 /* ExampleRxSwift.xcdatamodel */;
			path = ExampleRxSwift.xcdatamodeld;
			sourceTree = "<group>";
			versionGroupType = wrapper.xcdatamodel;
		};
/* End XCVersionGroup section */
	};
	rootObject = A5D7F5842AA4FDEE00DAD8C1 /* Project object */;
}
